{
  "name": "base-ui-docs",
  "version": "1.0.0",
  "lockfileVersion": 1,
  "requires": true,
  "dependencies": {
    "@tech-trocafone/base-ui": {
      "version": "1.0.3",
      "resolved": "https://registry.npmjs.org/@tech-trocafone/base-ui/-/base-ui-1.0.3.tgz",
      "integrity": "sha512-G6Pg81KrRZESppSZ+qrixJpNMngACc8Y/GvlK4j3mvbmMlT3T2/2FaVUiX1YowByw+vDT5fBtUzbhFyyjbORtQ==",
      "requires": {
        "jquery": "3.3.1",
        "normalizecss": "3.0.0",
        "select2": "3.5.1"
      }
    },
    "jquery": {
      "version": "3.3.1",
      "resolved": "https://registry.npmjs.org/jquery/-/jquery-3.3.1.tgz",
      "integrity": "sha512-Ubldcmxp5np52/ENotGxlLe6aGMvmF4R8S6tZjsP6Knsaxd/xp3Zrh50cG93lR6nPXyUFwzN3ZSOQI0wRJNdGg=="
    },
    "normalizecss": {
      "version": "3.0.0",
      "resolved": "https://registry.npmjs.org/normalizecss/-/normalizecss-3.0.0.tgz",
      "integrity": "sha1-1sPThhyYIUVzKFqYrfyY0XbvECM="
    },
    "select2": {
      "version": "3.5.1",
      "resolved": "https://registry.npmjs.org/select2/-/select2-3.5.1.tgz",
      "integrity": "sha1-8oGUibvGX9bTKL5yu+K5XdfofP4="
    }
  }
}
